speakeasyVersion: 1.596.0
sources:
    firehydrant-oas:
        sourceNamespace: firehydrant-oas
        sourceRevisionDigest: sha256:5bb8bfc1c3c81e68f3dc99f891d611b3cb235a48ad548fbb0320050c92cb3a9f
        sourceBlobDigest: sha256:e19b7ac35955eb384a470a742927a37ed90a901136ed9cee6a3b8d53fabbfc88
        tags:
            - latest
            - speakeasy-sdk-regen-1754093306
            - 0.0.1
    firehydrant-typescript-sdk-OAS:
        sourceNamespace: firehydrant-typescript-sdk-oas
        sourceRevisionDigest: sha256:c7d0011194e8963eb9f8e18a54a21f82a9fc6e53c638b143385ca5aaabc232b5
        sourceBlobDigest: sha256:f6ffe4d71cbc8f195cf28218fe7c5a6212053a7fa58a4e0aa275374cfcf3c675
        tags:
            - latest
            - speakeasy-sdk-regen-1735836867
targets:
    firehydrant-typescript-sdk:
        source: firehydrant-oas
        sourceNamespace: firehydrant-oas
        sourceRevisionDigest: sha256:5bb8bfc1c3c81e68f3dc99f891d611b3cb235a48ad548fbb0320050c92cb3a9f
        sourceBlobDigest: sha256:e19b7ac35955eb384a470a742927a37ed90a901136ed9cee6a3b8d53fabbfc88
        codeSamplesNamespace: firehydrant-typescript-sdk-oas-code-samples
        codeSamplesRevisionDigest: sha256:3f578326947aaa10e8bcf833fba6356b77fc01cc9c7f5970411e43a04be7c2a4
workflow:
    workflowVersion: 1.0.0
    speakeasyVersion: latest
    sources:
        firehydrant-oas:
            inputs:
                - location: ${GITHUB_WORKSPACE}/openapi.json
            registry:
                location: registry.speakeasyapi.dev/firehydrant/firehydrant/firehydrant-oas
    targets:
        firehydrant-typescript-sdk:
            target: typescript
            source: firehydrant-oas
            publish:
                npm:
                    token: $npm_token
            codeSamples:
                registry:
                    location: registry.speakeasyapi.dev/firehydrant/firehydrant/firehydrant-typescript-sdk-oas-code-samples
                blocking: false
