speakeasyVersion: 1.611.1
sources:
    firehydrant-oas:
        sourceNamespace: firehydrant-oas
        sourceRevisionDigest: sha256:9ddb1fbf020580abbc605fc16e26c2812394843829e83e9a4a2351517671b7d1
        sourceBlobDigest: sha256:d5e508b1863ed82d155c14cea424ea4c5d5c1242f3ee0d1304c807405c5c1f6e
        tags:
            - latest
            - speakeasy-sdk-regen-1757117239
            - 0.0.1
    firehydrant-typescript-sdk-OAS:
        sourceNamespace: firehydrant-typescript-sdk-oas
        sourceRevisionDigest: sha256:c7d0011194e8963eb9f8e18a54a21f82a9fc6e53c638b143385ca5aaabc232b5
        sourceBlobDigest: sha256:f6ffe4d71cbc8f195cf28218fe7c5a6212053a7fa58a4e0aa275374cfcf3c675
        tags:
            - latest
            - speakeasy-sdk-regen-1735836867
targets:
    firehydrant-typescript-sdk:
        source: firehydrant-oas
        sourceNamespace: firehydrant-oas
        sourceRevisionDigest: sha256:9ddb1fbf020580abbc605fc16e26c2812394843829e83e9a4a2351517671b7d1
        sourceBlobDigest: sha256:d5e508b1863ed82d155c14cea424ea4c5d5c1242f3ee0d1304c807405c5c1f6e
        codeSamplesNamespace: firehydrant-typescript-sdk-oas-code-samples
        codeSamplesRevisionDigest: sha256:c3074a60391067a6989a710e18e556afad2c83aafc67a64bc520dac9b02c5fb7
workflow:
    workflowVersion: 1.0.0
    speakeasyVersion: latest
    sources:
        firehydrant-oas:
            inputs:
                - location: ${GITHUB_WORKSPACE}/openapi.json
            registry:
                location: registry.speakeasyapi.dev/firehydrant/firehydrant/firehydrant-oas
    targets:
        firehydrant-typescript-sdk:
            target: typescript
            source: firehydrant-oas
            publish:
                npm:
                    token: $npm_token
            codeSamples:
                registry:
                    location: registry.speakeasyapi.dev/firehydrant/firehydrant/firehydrant-typescript-sdk-oas-code-samples
                blocking: false
