speakeasyVersion: 1.600.2
sources:
    firehydrant-oas:
        sourceNamespace: firehydrant-oas
        sourceRevisionDigest: sha256:0090290ba7c8330e7c7326ae20d516d81961aacacb8ffde9494d1bf11bb9b588
        sourceBlobDigest: sha256:2a2ffcdc696a25712ea64d94787a4a394faa260bebd798b20f80850365366d13
        tags:
            - latest
            - speakeasy-sdk-regen-1754093306
            - 0.0.1
    firehydrant-typescript-sdk-OAS:
        sourceNamespace: firehydrant-typescript-sdk-oas
        sourceRevisionDigest: sha256:c7d0011194e8963eb9f8e18a54a21f82a9fc6e53c638b143385ca5aaabc232b5
        sourceBlobDigest: sha256:f6ffe4d71cbc8f195cf28218fe7c5a6212053a7fa58a4e0aa275374cfcf3c675
        tags:
            - latest
            - speakeasy-sdk-regen-1735836867
targets:
    firehydrant-typescript-sdk:
        source: firehydrant-oas
        sourceNamespace: firehydrant-oas
        sourceRevisionDigest: sha256:0090290ba7c8330e7c7326ae20d516d81961aacacb8ffde9494d1bf11bb9b588
        sourceBlobDigest: sha256:2a2ffcdc696a25712ea64d94787a4a394faa260bebd798b20f80850365366d13
        codeSamplesNamespace: firehydrant-typescript-sdk-oas-code-samples
        codeSamplesRevisionDigest: sha256:dcff1916662b82cb37999dd7f6c031a1e6f2eee10b36ff7a38331582424c0dee
workflow:
    workflowVersion: 1.0.0
    speakeasyVersion: latest
    sources:
        firehydrant-oas:
            inputs:
                - location: ${GITHUB_WORKSPACE}/openapi.json
            registry:
                location: registry.speakeasyapi.dev/firehydrant/firehydrant/firehydrant-oas
    targets:
        firehydrant-typescript-sdk:
            target: typescript
            source: firehydrant-oas
            publish:
                npm:
                    token: $npm_token
            codeSamples:
                registry:
                    location: registry.speakeasyapi.dev/firehydrant/firehydrant/firehydrant-typescript-sdk-oas-code-samples
                blocking: false
